
Microsoft Visual Studio Solution File, Format Version 12.00
# Visual Studio Version 17
VisualStudioVersion = 17.4.32804.182
MinimumVisualStudioVersion = 10.0.40219.1
Project("{9A19103F-16F7-4668-BE54-9A1E7A4F7556}") = "ISTWebAPI", "ISTWebAPI\ISTWebAPI.csproj", "{BBE1C6ED-7018-4A28-B41F-14544BEC2334}"
EndProject
Project("{FAE04EC0-301F-11D3-BF4B-00C04F79EFBC}") = "Zadatak", "Zadatak\Zadatak.csproj", "{1C3D832B-109F-408E-A5D9-405A2FA63DCF}"
EndProject
Global
	GlobalSection(SolutionConfigurationPlatforms) = preSolution
		Debug|Any CPU = Debug|Any CPU
		Release|Any CPU = Release|Any CPU
	EndGlobalSection
	GlobalSection(ProjectConfigurationPlatforms) = postSolution
		{BBE1C6ED-7018-4A28-B41F-14544BEC2334}.Debug|Any CPU.ActiveCfg = Debug|Any CPU
		{BBE1C6ED-7018-4A28-B41F-14544BEC2334}.Debug|Any CPU.Build.0 = Debug|Any CPU
		{BBE1C6ED-7018-4A28-B41F-14544BEC2334}.Release|Any CPU.ActiveCfg = Release|Any CPU
		{BBE1C6ED-7018-4A28-B41F-14544BEC2334}.Release|Any CPU.Build.0 = Release|Any CPU
		{1C3D832B-109F-408E-A5D9-405A2FA63DCF}.Debug|Any CPU.ActiveCfg = Debug|Any CPU
		{1C3D832B-109F-408E-A5D9-405A2FA63DCF}.Debug|Any CPU.Build.0 = Debug|Any CPU
		{1C3D832B-109F-408E-A5D9-405A2FA63DCF}.Release|Any CPU.ActiveCfg = Release|Any CPU
		{1C3D832B-109F-408E-A5D9-405A2FA63DCF}.Release|Any CPU.Build.0 = Release|Any CPU
	EndGlobalSection
	GlobalSection(SolutionProperties) = preSolution
		HideSolutionNode = FALSE
	EndGlobalSection
	GlobalSection(ExtensibilityGlobals) = postSolution
		SolutionGuid = {05B55C71-D6A1-4697-A365-565E3B641BCA}
	EndGlobalSection
EndGlobal
